
Microsoft Visual Studio Solution File, Format Version 12.00
# Visual Studio Version 16
VisualStudioVersion = 16.0.32802.440
MinimumVisualStudioVersion = 10.0.40219.1
Project("{FAE04EC0-301F-11D3-BF4B-00C04F79EFBC}") = "CadastroDeUsuarios.API", "CadastroDeUsuarios.API\CadastroDeUsuarios.API.csproj", "{4BA3B726-7262-4E3E-9C8F-FBA1F6CC3A5E}"
EndProject
Global
	GlobalSection(SolutionConfigurationPlatforms) = preSolution
		Debug|Any CPU = Debug|Any CPU
		Release|Any CPU = Release|Any CPU
	EndGlobalSection
	GlobalSection(ProjectConfigurationPlatforms) = postSolution
		{4BA3B726-7262-4E3E-9C8F-FBA1F6CC3A5E}.Debug|Any CPU.ActiveCfg = Debug|Any CPU
		{4BA3B726-7262-4E3E-9C8F-FBA1F6CC3A5E}.Debug|Any CPU.Build.0 = Debug|Any CPU
		{4BA3B726-7262-4E3E-9C8F-FBA1F6CC3A5E}.Release|Any CPU.ActiveCfg = Release|Any CPU
		{4BA3B726-7262-4E3E-9C8F-FBA1F6CC3A5E}.Release|Any CPU.Build.0 = Release|Any CPU
	EndGlobalSection
	GlobalSection(SolutionProperties) = preSolution
		HideSolutionNode = FALSE
	EndGlobalSection
	GlobalSection(ExtensibilityGlobals) = postSolution
		SolutionGuid = {DDEB04BB-A7D5-4EE3-A6E9-C517176E972A}
	EndGlobalSection
EndGlobal
